
Microsoft Visual Studio Solution File, Format Version 12.00
# Visual Studio Version 17
VisualStudioVersion = 17.9.34728.123
MinimumVisualStudioVersion = 10.0.40219.1
Project("{FAE04EC0-301F-11D3-BF4B-00C04F79EFBC}") = "dz11_06", "dz11_06\dz11_06.csproj", "{E7E1ED08-1300-4AA6-9DA6-6FE0D1FAA5E8}"
EndProject
Project("{FAE04EC0-301F-11D3-BF4B-00C04F79EFBC}") = "Data", "Data\Data.csproj", "{1948D7F1-96C1-4058-8CB2-2F13B33953F8}"
EndProject
Global
	GlobalSection(SolutionConfigurationPlatforms) = preSolution
		Debug|Any CPU = Debug|Any CPU
		Release|Any CPU = Release|Any CPU
	EndGlobalSection
	GlobalSection(ProjectConfigurationPlatforms) = postSolution
		{E7E1ED08-1300-4AA6-9DA6-6FE0D1FAA5E8}.Debug|Any CPU.ActiveCfg = Debug|Any CPU
		{E7E1ED08-1300-4AA6-9DA6-6FE0D1FAA5E8}.Debug|Any CPU.Build.0 = Debug|Any CPU
		{E7E1ED08-1300-4AA6-9DA6-6FE0D1FAA5E8}.Release|Any CPU.ActiveCfg = Release|Any CPU
		{E7E1ED08-1300-4AA6-9DA6-6FE0D1FAA5E8}.Release|Any CPU.Build.0 = Release|Any CPU
		{1948D7F1-96C1-4058-8CB2-2F13B33953F8}.Debug|Any CPU.ActiveCfg = Debug|Any CPU
		{1948D7F1-96C1-4058-8CB2-2F13B33953F8}.Debug|Any CPU.Build.0 = Debug|Any CPU
		{1948D7F1-96C1-4058-8CB2-2F13B33953F8}.Release|Any CPU.ActiveCfg = Release|Any CPU
		{1948D7F1-96C1-4058-8CB2-2F13B33953F8}.Release|Any CPU.Build.0 = Release|Any CPU
	EndGlobalSection
	GlobalSection(SolutionProperties) = preSolution
		HideSolutionNode = FALSE
	EndGlobalSection
	GlobalSection(ExtensibilityGlobals) = postSolution
		SolutionGuid = {021F787B-060A-4271-A60A-908E0F23D59D}
	EndGlobalSection
EndGlobal
